// !$*UTF8*$!
{
	archiveVersion = 1;
	classes = {
	};
	objectVersion = 50;
	objects = {

/* Begin PBXBuildFile section */
		8845FB6124D0C0490040647A /* EmojiMemoryGameExtensions.swift in Sources */ = {isa = PBXBuildFile; fileRef = 8845FB6024D0C0490040647A /* EmojiMemoryGameExtensions.swift */; };
		8845FB6324D20FCD0040647A /* ColorExtensions.swift in Sources */ = {isa = PBXBuildFile; fileRef = 8845FB6224D20FCD0040647A /* ColorExtensions.swift */; };
		88DA4BF424CD0EB9004E45F9 /* AppDelegate.swift in Sources */ = {isa = PBXBuildFile; fileRef = 88DA4BF324CD0EB9004E45F9 /* AppDelegate.swift */; };
		88DA4BF624CD0EB9004E45F9 /* SceneDelegate.swift in Sources */ = {isa = PBXBuildFile; fileRef = 88DA4BF524CD0EB9004E45F9 /* SceneDelegate.swift */; };
		88DA4BF824CD0EB9004E45F9 /* EmojiMemoryGameView.swift in Sources */ = {isa = PBXBuildFile; fileRef = 88DA4BF724CD0EB9004E45F9 /* EmojiMemoryGameView.swift */; };
		88DA4BFA24CD0EBC004E45F9 /* Assets.xcassets in Resources */ = {isa = PBXBuildFile; fileRef = 88DA4BF924CD0EBC004E45F9 /* Assets.xcassets */; };
		88DA4BFD24CD0EBC004E45F9 /* Preview Assets.xcassets in Resources */ = {isa = PBXBuildFile; fileRef = 88DA4BFC24CD0EBC004E45F9 /* Preview Assets.xcassets */; };
		88DA4C0024CD0EBC004E45F9 /* LaunchScreen.storyboard in Resources */ = {isa = PBXBuildFile; fileRef = 88DA4BFE24CD0EBC004E45F9 /* LaunchScreen.storyboard */; };
		88DA4C0824CD0F3A004E45F9 /* Cardify.swift in Sources */ = {isa = PBXBuildFile; fileRef = 88DA4C0724CD0F3A004E45F9 /* Cardify.swift */; };
		88DA4C0A24CD0F44004E45F9 /* Pie.swift in Sources */ = {isa = PBXBuildFile; fileRef = 88DA4C0924CD0F43004E45F9 /* Pie.swift */; };
		88DA4C0C24CD0F48004E45F9 /* Grid.swift in Sources */ = {isa = PBXBuildFile; fileRef = 88DA4C0B24CD0F48004E45F9 /* Grid.swift */; };
		88DA4C0E24CD0F51004E45F9 /* Array+Identifiable.swift in Sources */ = {isa = PBXBuildFile; fileRef = 88DA4C0D24CD0F51004E45F9 /* Array+Identifiable.swift */; };
		88DA4C1024CD0F59004E45F9 /* MemoryGame.swift in Sources */ = {isa = PBXBuildFile; fileRef = 88DA4C0F24CD0F59004E45F9 /* MemoryGame.swift */; };
		88DA4C1224CD0F61004E45F9 /* EmojiMemoryGame.swift in Sources */ = {isa = PBXBuildFile; fileRef = 88DA4C1124CD0F61004E45F9 /* EmojiMemoryGame.swift */; };
		88DA4C1424CD0F6D004E45F9 /* Array+Only.swift in Sources */ = {isa = PBXBuildFile; fileRef = 88DA4C1324CD0F6D004E45F9 /* Array+Only.swift */; };
		88DA4C1624CD0FD7004E45F9 /* GridLayout.swift in Sources */ = {isa = PBXBuildFile; fileRef = 88DA4C1524CD0FD7004E45F9 /* GridLayout.swift */; };
/* End PBXBuildFile section */

/* Begin PBXFileReference section */
		8845FB6024D0C0490040647A /* EmojiMemoryGameExtensions.swift */ = {isa = PBXFileReference; lastKnownFileType = sourcecode.swift; path = EmojiMemoryGameExtensions.swift; sourceTree = "<group>"; };
		8845FB6224D20FCD0040647A /* ColorExtensions.swift */ = {isa = PBXFileReference; lastKnownFileType = sourcecode.swift; path = ColorExtensions.swift; sourceTree = "<group>"; };
		88DA4BF024CD0EB9004E45F9 /* Memorize2020.app */ = {isa = PBXFileReference; explicitFileType = wrapper.application; includeInIndex = 0; path = Memorize2020.app; sourceTree = BUILT_PRODUCTS_DIR; };
		88DA4BF324CD0EB9004E45F9 /* AppDelegate.swift */ = {isa = PBXFileReference; lastKnownFileType = sourcecode.swift; path = AppDelegate.swift; sourceTree = "<group>"; };
		88DA4BF524CD0EB9004E45F9 /* SceneDelegate.swift */ = {isa = PBXFileReference; lastKnownFileType = sourcecode.swift; path = SceneDelegate.swift; sourceTree = "<group>"; };
		88DA4BF724CD0EB9004E45F9 /* EmojiMemoryGameView.swift */ = {isa = PBXFileReference; lastKnownFileType = sourcecode.swift; path = EmojiMemoryGameView.swift; sourceTree = "<group>"; };
		88DA4BF924CD0EBC004E45F9 /* Assets.xcassets */ = {isa = PBXFileReference; lastKnownFileType = folder.assetcatalog; path = Assets.xcassets; sourceTree = "<group>"; };
		88DA4BFC24CD0EBC004E45F9 /* Preview Assets.xcassets */ = {isa = PBXFileReference; lastKnownFileType = folder.assetcatalog; path = "Preview Assets.xcassets"; sourceTree = "<group>"; };
		88DA4BFF24CD0EBC004E45F9 /* Base */ = {isa = PBXFileReference; lastKnownFileType = file.storyboard; name = Base; path = Base.lproj/LaunchScreen.storyboard; sourceTree = "<group>"; };
		88DA4C0124CD0EBC004E45F9 /* Info.plist */ = {isa = PBXFileReference; lastKnownFileType = text.plist.xml; path = Info.plist; sourceTree = "<group>"; };
		88DA4C0724CD0F3A004E45F9 /* Cardify.swift */ = {isa = PBXFileReference; fileEncoding = 4; lastKnownFileType = sourcecode.swift; path = Cardify.swift; sourceTree = "<group>"; };
		88DA4C0924CD0F43004E45F9 /* Pie.swift */ = {isa = PBXFileReference; fileEncoding = 4; lastKnownFileType = sourcecode.swift; path = Pie.swift; sourceTree = "<group>"; };
		88DA4C0B24CD0F48004E45F9 /* Grid.swift */ = {isa = PBXFileReference; fileEncoding = 4; lastKnownFileType = sourcecode.swift; path = Grid.swift; sourceTree = "<group>"; };
		88DA4C0D24CD0F51004E45F9 /* Array+Identifiable.swift */ = {isa = PBXFileReference; fileEncoding = 4; lastKnownFileType = sourcecode.swift; path = "Array+Identifiable.swift"; sourceTree = "<group>"; };
		88DA4C0F24CD0F59004E45F9 /* MemoryGame.swift */ = {isa = PBXFileReference; fileEncoding = 4; lastKnownFileType = sourcecode.swift; path = MemoryGame.swift; sourceTree = "<group>"; };
		88DA4C1124CD0F61004E45F9 /* EmojiMemoryGame.swift */ = {isa = PBXFileReference; fileEncoding = 4; lastKnownFileType = sourcecode.swift; path = EmojiMemoryGame.swift; sourceTree = "<group>"; };
		88DA4C1324CD0F6D004E45F9 /* Array+Only.swift */ = {isa = PBXFileReference; fileEncoding = 4; lastKnownFileType = sourcecode.swift; path = "Array+Only.swift"; sourceTree = "<group>"; };
		88DA4C1524CD0FD7004E45F9 /* GridLayout.swift */ = {isa = PBXFileReference; fileEncoding = 4; lastKnownFileType = sourcecode.swift; path = GridLayout.swift; sourceTree = "<group>"; };
/* End PBXFileReference section */

/* Begin PBXFrameworksBuildPhase section */
		88DA4BED24CD0EB9004E45F9 /* Frameworks */ = {
			isa = PBXFrameworksBuildPhase;
			buildActionMask = 2147483647;
			files = (
			);
			runOnlyForDeploymentPostprocessing = 0;
		};
/* End PBXFrameworksBuildPhase section */

/* Begin PBXGroup section */
		88DA4BE724CD0EB8004E45F9 = {
			isa = PBXGroup;
			children = (
				88DA4BF224CD0EB9004E45F9 /* Memorize2020 */,
				88DA4BF124CD0EB9004E45F9 /* Products */,
			);
			sourceTree = "<group>";
		};
		88DA4BF124CD0EB9004E45F9 /* Products */ = {
			isa = PBXGroup;
			children = (
				88DA4BF024CD0EB9004E45F9 /* Memorize2020.app */,
			);
			name = Products;
			sourceTree = "<group>";
		};
		88DA4BF224CD0EB9004E45F9 /* Memorize2020 */ = {
			isa = PBXGroup;
			children = (
				88DA4BF324CD0EB9004E45F9 /* AppDelegate.swift */,
				88DA4BF524CD0EB9004E45F9 /* SceneDelegate.swift */,
				8845FB6224D20FCD0040647A /* ColorExtensions.swift */,
				8845FB6024D0C0490040647A /* EmojiMemoryGameExtensions.swift */,
				88DA4C0724CD0F3A004E45F9 /* Cardify.swift */,
				88DA4C0924CD0F43004E45F9 /* Pie.swift */,
				88DA4C0B24CD0F48004E45F9 /* Grid.swift */,
				88DA4C1524CD0FD7004E45F9 /* GridLayout.swift */,
				88DA4C0D24CD0F51004E45F9 /* Array+Identifiable.swift */,
				88DA4C1324CD0F6D004E45F9 /* Array+Only.swift */,
				88DA4BF724CD0EB9004E45F9 /* EmojiMemoryGameView.swift */,
				88DA4C1124CD0F61004E45F9 /* EmojiMemoryGame.swift */,
				88DA4C0F24CD0F59004E45F9 /* MemoryGame.swift */,
				88DA4BF924CD0EBC004E45F9 /* Assets.xcassets */,
				88DA4BFE24CD0EBC004E45F9 /* LaunchScreen.storyboard */,
				88DA4C0124CD0EBC004E45F9 /* Info.plist */,
				88DA4BFB24CD0EBC004E45F9 /* Preview Content */,
			);
			path = Memorize2020;
			sourceTree = "<group>";
		};
		88DA4BFB24CD0EBC004E45F9 /* Preview Content */ = {
			isa = PBXGroup;
			children = (
				88DA4BFC24CD0EBC004E45F9 /* Preview Assets.xcassets */,
			);
			path = "Preview Content";
			sourceTree = "<group>";
		};
/* End PBXGroup section */

/* Begin PBXNativeTarget section */
		88DA4BEF24CD0EB9004E45F9 /* Memorize2020 */ = {
			isa = PBXNativeTarget;
			buildConfigurationList = 88DA4C0424CD0EBC004E45F9 /* Build configuration list for PBXNativeTarget "Memorize2020" */;
			buildPhases = (
				88DA4BEC24CD0EB9004E45F9 /* Sources */,
				88DA4BED24CD0EB9004E45F9 /* Frameworks */,
				88DA4BEE24CD0EB9004E45F9 /* Resources */,
			);
			buildRules = (
			);
			dependencies = (
			);
			name = Memorize2020;
			productName = Memorize2020;
			productReference = 88DA4BF024CD0EB9004E45F9 /* Memorize2020.app */;
			productType = "com.apple.product-type.application";
		};
/* End PBXNativeTarget section */

/* Begin PBXProject section */
		88DA4BE824CD0EB8004E45F9 /* Project object */ = {
			isa = PBXProject;
			attributes = {
				LastSwiftUpdateCheck = 1150;
				LastUpgradeCheck = 1150;
				ORGANIZATIONNAME = "Matthew Trump";
				TargetAttributes = {
					88DA4BEF24CD0EB9004E45F9 = {
						CreatedOnToolsVersion = 11.5;
					};
				};
			};
			buildConfigurationList = 88DA4BEB24CD0EB8004E45F9 /* Build configuration list for PBXProject "Memorize2020" */;
			compatibilityVersion = "Xcode 9.3";
			developmentRegion = en;
			hasScannedForEncodings = 0;
			knownRegions = (
				en,
				Base,
			);
			mainGroup = 88DA4BE724CD0EB8004E45F9;
			productRefGroup = 88DA4BF124CD0EB9004E45F9 /* Products */;
			projectDirPath = "";
			projectRoot = "";
			targets = (
				88DA4BEF24CD0EB9004E45F9 /* Memorize2020 */,
			);
		};
/* End PBXProject section */

/* Begin PBXResourcesBuildPhase section */
		88DA4BEE24CD0EB9004E45F9 /* Resources */ = {
			isa = PBXResourcesBuildPhase;
			buildActionMask = 2147483647;
			files = (
				88DA4C0024CD0EBC004E45F9 /* LaunchScreen.storyboard in Resources */,
				88DA4BFD24CD0EBC004E45F9 /* Preview Assets.xcassets in Resources */,
				88DA4BFA24CD0EBC004E45F9 /* Assets.xcassets in Resources */,
			);
			runOnlyForDeploymentPostprocessing = 0;
		};
/* End PBXResourcesBuildPhase section */

/* Begin PBXSourcesBuildPhase section */
		88DA4BEC24CD0EB9004E45F9 /* Sources */ = {
			isa = PBXSourcesBuildPhase;
			buildActionMask = 2147483647;
			files = (
				88DA4C0A24CD0F44004E45F9 /* Pie.swift in Sources */,
				8845FB6324D20FCD0040647A /* ColorExtensions.swift in Sources */,
				88DA4BF424CD0EB9004E45F9 /* AppDelegate.swift in Sources */,
				88DA4C1224CD0F61004E45F9 /* EmojiMemoryGame.swift in Sources */,
				88DA4C1424CD0F6D004E45F9 /* Array+Only.swift in Sources */,
				88DA4BF624CD0EB9004E45F9 /* SceneDelegate.swift in Sources */,
				88DA4C0824CD0F3A004E45F9 /* Cardify.swift in Sources */,
				88DA4BF824CD0EB9004E45F9 /* EmojiMemoryGameView.swift in Sources */,
				88DA4C0E24CD0F51004E45F9 /* Array+Identifiable.swift in Sources */,
				88DA4C1024CD0F59004E45F9 /* MemoryGame.swift in Sources */,
				8845FB6124D0C0490040647A /* EmojiMemoryGameExtensions.swift in Sources */,
				88DA4C0C24CD0F48004E45F9 /* Grid.swift in Sources */,
				88DA4C1624CD0FD7004E45F9 /* GridLayout.swift in Sources */,
			);
			runOnlyForDeploymentPostprocessing = 0;
		};
/* End PBXSourcesBuildPhase section */

/* Begin PBXVariantGroup section */
		88DA4BFE24CD0EBC004E45F9 /* LaunchScreen.storyboard */ = {
			isa = PBXVariantGroup;
			children = (
				88DA4BFF24CD0EBC004E45F9 /* Base */,
			);
			name = LaunchScreen.storyboard;
			sourceTree = "<group>";
		};
/* End PBXVariantGroup section */

/* Begin XCBuildConfiguration section */
		88DA4C0224CD0EBC004E45F9 /* Debug */ = {
			isa = XCBuildConfiguration;
			buildSettings = {
				ALWAYS_SEARCH_USER_PATHS = NO;
				CLANG_ANALYZER_NONNULL = YES;
				CLANG_ANALYZER_NUMBER_OBJECT_CONVERSION = YES_AGGRESSIVE;
				CLANG_CXX_LANGUAGE_STANDARD = "gnu++14";
				CLANG_CXX_LIBRARY = "libc++";
				CLANG_ENABLE_MODULES = YES;
				CLANG_ENABLE_OBJC_ARC = YES;
				CLANG_ENABLE_OBJC_WEAK = YES;
				CLANG_WARN_BLOCK_CAPTURE_AUTORELEASING = YES;
				CLANG_WARN_BOOL_CONVERSION = YES;
				CLANG_WARN_COMMA = YES;
				CLANG_WARN_CONSTANT_CONVERSION = YES;
				CLANG_WARN_DEPRECATED_OBJC_IMPLEMENTATIONS = YES;
				CLANG_WARN_DIRECT_OBJC_ISA_USAGE = YES_ERROR;
				CLANG_WARN_DOCUMENTATION_COMMENTS = YES;
				CLANG_WARN_EMPTY_BODY = YES;
				CLANG_WARN_ENUM_CONVERSION = YES;
				CLANG_WARN_INFINITE_RECURSION = YES;
				CLANG_WARN_INT_CONVERSION = YES;
				CLANG_WARN_NON_LITERAL_NULL_CONVERSION = YES;
				CLANG_WARN_OBJC_IMPLICIT_RETAIN_SELF = YES;
				CLANG_WARN_OBJC_LITERAL_CONVERSION = YES;
				CLANG_WARN_OBJC_ROOT_CLASS = YES_ERROR;
				CLANG_WARN_RANGE_LOOP_ANALYSIS = YES;
				CLANG_WARN_STRICT_PROTOTYPES = YES;
				CLANG_WARN_SUSPICIOUS_MOVE = YES;
				CLANG_WARN_UNGUARDED_AVAILABILITY = YES_AGGRESSIVE;
				CLANG_WARN_UNREACHABLE_CODE = YES;
				CLANG_WARN__DUPLICATE_METHOD_MATCH = YES;
				COPY_PHASE_STRIP = NO;
				DEBUG_INFORMATION_FORMAT = dwarf;
				ENABLE_STRICT_OBJC_MSGSEND = YES;
				ENABLE_TESTABILITY = YES;
				GCC_C_LANGUAGE_STANDARD = gnu11;
				GCC_DYNAMIC_NO_PIC = NO;
				GCC_NO_COMMON_BLOCKS = YES;
				GCC_OPTIMIZATION_LEVEL = 0;
				GCC_PREPROCESSOR_DEFINITIONS = (
					"DEBUG=1",
					"$(inherited)",
				);
				GCC_WARN_64_TO_32_BIT_CONVERSION = YES;
				GCC_WARN_ABOUT_RETURN_TYPE = YES_ERROR;
				GCC_WARN_UNDECLARED_SELECTOR = YES;
				GCC_WARN_UNINITIALIZED_AUTOS = YES_AGGRESSIVE;
				GCC_WARN_UNUSED_FUNCTION = YES;
				GCC_WARN_UNUSED_VARIABLE = YES;
				IPHONEOS_DEPLOYMENT_TARGET = 13.5;
				MTL_ENABLE_DEBUG_INFO = INCLUDE_SOURCE;
				MTL_FAST_MATH = YES;
				ONLY_ACTIVE_ARCH = YES;
				SDKROOT = iphoneos;
				SWIFT_ACTIVE_COMPILATION_CONDITIONS = DEBUG;
				SWIFT_OPTIMIZATION_LEVEL = "-Onone";
			};
			name = Debug;
		};
		88DA4C0324CD0EBC004E45F9 /* Release */ = {
			isa = XCBuildConfiguration;
			buildSettings = {
				ALWAYS_SEARCH_USER_PATHS = NO;
				CLANG_ANALYZER_NONNULL = YES;
				CLANG_ANALYZER_NUMBER_OBJECT_CONVERSION = YES_AGGRESSIVE;
				CLANG_CXX_LANGUAGE_STANDARD = "gnu++14";
				CLANG_CXX_LIBRARY = "libc++";
				CLANG_ENABLE_MODULES = YES;
				CLANG_ENABLE_OBJC_ARC = YES;
				CLANG_ENABLE_OBJC_WEAK = YES;
				CLANG_WARN_BLOCK_CAPTURE_AUTORELEASING = YES;
				CLANG_WARN_BOOL_CONVERSION = YES;
				CLANG_WARN_COMMA = YES;
				CLANG_WARN_CONSTANT_CONVERSION = YES;
				CLANG_WARN_DEPRECATED_OBJC_IMPLEMENTATIONS = YES;
				CLANG_WARN_DIRECT_OBJC_ISA_USAGE = YES_ERROR;
				CLANG_WARN_DOCUMENTATION_COMMENTS = YES;
				CLANG_WARN_EMPTY_BODY = YES;
				CLANG_WARN_ENUM_CONVERSION = YES;
				CLANG_WARN_INFINITE_RECURSION = YES;
				CLANG_WARN_INT_CONVERSION = YES;
				CLANG_WARN_NON_LITERAL_NULL_CONVERSION = YES;
				CLANG_WARN_OBJC_IMPLICIT_RETAIN_SELF = YES;
				CLANG_WARN_OBJC_LITERAL_CONVERSION = YES;
				CLANG_WARN_OBJC_ROOT_CLASS = YES_ERROR;
				CLANG_WARN_RANGE_LOOP_ANALYSIS = YES;
				CLANG_WARN_STRICT_PROTOTYPES = YES;
				CLANG_WARN_SUSPICIOUS_MOVE = YES;
				CLANG_WARN_UNGUARDED_AVAILABILITY = YES_AGGRESSIVE;
				CLANG_WARN_UNREACHABLE_CODE = YES;
				CLANG_WARN__DUPLICATE_METHOD_MATCH = YES;
				COPY_PHASE_STRIP = NO;
				DEBUG_INFORMATION_FORMAT = "dwarf-with-dsym";
				ENABLE_NS_ASSERTIONS = NO;
				ENABLE_STRICT_OBJC_MSGSEND = YES;
				GCC_C_LANGUAGE_STANDARD = gnu11;
				GCC_NO_COMMON_BLOCKS = YES;
				GCC_WARN_64_TO_32_BIT_CONVERSION = YES;
				GCC_WARN_ABOUT_RETURN_TYPE = YES_ERROR;
				GCC_WARN_UNDECLARED_SELECTOR = YES;
				GCC_WARN_UNINITIALIZED_AUTOS = YES_AGGRESSIVE;
				GCC_WARN_UNUSED_FUNCTION = YES;
				GCC_WARN_UNUSED_VARIABLE = YES;
				IPHONEOS_DEPLOYMENT_TARGET = 13.5;
				MTL_ENABLE_DEBUG_INFO = NO;
				MTL_FAST_MATH = YES;
				SDKROOT = iphoneos;
				SWIFT_COMPILATION_MODE = wholemodule;
				SWIFT_OPTIMIZATION_LEVEL = "-O";
				VALIDATE_PRODUCT = YES;
			};
			name = Release;
		};
		88DA4C0524CD0EBC004E45F9 /* Debug */ = {
			isa = XCBuildConfiguration;
			buildSettings = {
				ASSETCATALOG_COMPILER_APPICON_NAME = AppIcon;
				CODE_SIGN_STYLE = Automatic;
				DEVELOPMENT_ASSET_PATHS = "\"Memorize2020/Preview Content\"";
				DEVELOPMENT_TEAM = CH299H3XAS;
				ENABLE_PREVIEWS = YES;
				INFOPLIST_FILE = Memorize2020/Info.plist;
				LD_RUNPATH_SEARCH_PATHS = (
					"$(inherited)",
					"@executable_path/Frameworks",
				);
				PRODUCT_BUNDLE_IDENTIFIER = com.decumanus.Memorize2020;
				PRODUCT_NAME = "$(TARGET_NAME)";
				SWIFT_VERSION = 5.0;
				TARGETED_DEVICE_FAMILY = "1,2";
			};
			name = Debug;
		};
		88DA4C0624CD0EBC004E45F9 /* Release */ = {
			isa = XCBuildConfiguration;
			buildSettings = {
				ASSETCATALOG_COMPILER_APPICON_NAME = AppIcon;
				CODE_SIGN_STYLE = Automatic;
				DEVELOPMENT_ASSET_PATHS = "\"Memorize2020/Preview Content\"";
				DEVELOPMENT_TEAM = CH299H3XAS;
				ENABLE_PREVIEWS = YES;
				INFOPLIST_FILE = Memorize2020/Info.plist;
				LD_RUNPATH_SEARCH_PATHS = (
					"$(inherited)",
					"@executable_path/Frameworks",
				);
				PRODUCT_BUNDLE_IDENTIFIER = com.decumanus.Memorize2020;
				PRODUCT_NAME = "$(TARGET_NAME)";
				SWIFT_VERSION = 5.0;
				TARGETED_DEVICE_FAMILY = "1,2";
			};
			name = Release;
		};
/* End XCBuildConfiguration section */

/* Begin XCConfigurationList section */
		88DA4BEB24CD0EB8004E45F9 /* Build configuration list for PBXProject "Memorize2020" */ = {
			isa = XCConfigurationList;
			buildConfigurations = (
				88DA4C0224CD0EBC004E45F9 /* Debug */,
				88DA4C0324CD0EBC004E45F9 /* Release */,
			);
			defaultConfigurationIsVisible = 0;
			defaultConfigurationName = Release;
		};
		88DA4C0424CD0EBC004E45F9 /* Build configuration list for PBXNativeTarget "Memorize2020" */ = {
			isa = XCConfigurationList;
			buildConfigurations = (
				88DA4C0524CD0EBC004E45F9 /* Debug */,
				88DA4C0624CD0EBC004E45F9 /* Release */,
			);
			defaultConfigurationIsVisible = 0;
			defaultConfigurationName = Release;
		};
/* End XCConfigurationList section */
	};
	rootObject = 88DA4BE824CD0EB8004E45F9 /* Project object */;
}
